
Microsoft Visual Studio Solution File, Format Version 12.00
Project("{FAE04EC0-301F-11D3-BF4B-00C04F79EFBC}") = "Simplifier", "Simplifier\Simplifier.csproj", "{69CB2983-E7CB-4696-88B2-073AC2D90304}"
EndProject
Project("{FAE04EC0-301F-11D3-BF4B-00C04F79EFBC}") = "Simplifier.Entities", "Simplifier.Entities\Simplifier.Entities.csproj", "{25FF7BB6-2847-4ED9-B72D-54737A1EDF41}"
EndProject
Global
	GlobalSection(SolutionConfigurationPlatforms) = preSolution
		Debug|Any CPU = Debug|Any CPU
		Release|Any CPU = Release|Any CPU
	EndGlobalSection
	GlobalSection(ProjectConfigurationPlatforms) = postSolution
		{69CB2983-E7CB-4696-88B2-073AC2D90304}.Debug|Any CPU.ActiveCfg = Debug|Any CPU
		{69CB2983-E7CB-4696-88B2-073AC2D90304}.Debug|Any CPU.Build.0 = Debug|Any CPU
		{69CB2983-E7CB-4696-88B2-073AC2D90304}.Release|Any CPU.ActiveCfg = Release|Any CPU
		{69CB2983-E7CB-4696-88B2-073AC2D90304}.Release|Any CPU.Build.0 = Release|Any CPU
		{25FF7BB6-2847-4ED9-B72D-54737A1EDF41}.Debug|Any CPU.ActiveCfg = Debug|Any CPU
		{25FF7BB6-2847-4ED9-B72D-54737A1EDF41}.Debug|Any CPU.Build.0 = Debug|Any CPU
		{25FF7BB6-2847-4ED9-B72D-54737A1EDF41}.Release|Any CPU.ActiveCfg = Release|Any CPU
		{25FF7BB6-2847-4ED9-B72D-54737A1EDF41}.Release|Any CPU.Build.0 = Release|Any CPU
	EndGlobalSection
EndGlobal
